// !$*UTF8*$!
{
	archiveVersion = 1;
	classes = {
	};
	objectVersion = 50;
	objects = {

/* Begin PBXBuildFile section */
		DC2C36AF24AC5C0D00C3CF24 /* AppDelegate.swift in Sources */ = {isa = PBXBuildFile; fileRef = DC2C36AE24AC5C0D00C3CF24 /* AppDelegate.swift */; };
		DC2C36B124AC5C0D00C3CF24 /* SceneDelegate.swift in Sources */ = {isa = PBXBuildFile; fileRef = DC2C36B024AC5C0D00C3CF24 /* SceneDelegate.swift */; };
		DC2C36B324AC5C0D00C3CF24 /* ContentView.swift in Sources */ = {isa = PBXBuildFile; fileRef = DC2C36B224AC5C0D00C3CF24 /* ContentView.swift */; };
		DC2C36B524AC5C0E00C3CF24 /* Assets.xcassets in Resources */ = {isa = PBXBuildFile; fileRef = DC2C36B424AC5C0E00C3CF24 /* Assets.xcassets */; };
		DC2C36B824AC5C0E00C3CF24 /* Preview Assets.xcassets in Resources */ = {isa = PBXBuildFile; fileRef = DC2C36B724AC5C0E00C3CF24 /* Preview Assets.xcassets */; };
		DC2C36BB24AC5C0E00C3CF24 /* LaunchScreen.storyboard in Resources */ = {isa = PBXBuildFile; fileRef = DC2C36B924AC5C0E00C3CF24 /* LaunchScreen.storyboard */; };
		DC2C36C424AC60AA00C3CF24 /* WebView.swift in Sources */ = {isa = PBXBuildFile; fileRef = DC2C36C324AC60AA00C3CF24 /* WebView.swift */; };
		DC2C36C624AC69F400C3CF24 /* GameScene.sks in Resources */ = {isa = PBXBuildFile; fileRef = DC2C36C524AC69F400C3CF24 /* GameScene.sks */; };
		DC2C36C824AC6A2D00C3CF24 /* Actions.sks in Resources */ = {isa = PBXBuildFile; fileRef = DC2C36C724AC6A2D00C3CF24 /* Actions.sks */; };
		DC2C36CA24AC6A5000C3CF24 /* SceneView.swift in Sources */ = {isa = PBXBuildFile; fileRef = DC2C36C924AC6A5000C3CF24 /* SceneView.swift */; };
/* End PBXBuildFile section */

/* Begin PBXFileReference section */
		DC2C36AB24AC5C0D00C3CF24 /* SwiftUITabbed.app */ = {isa = PBXFileReference; explicitFileType = wrapper.application; includeInIndex = 0; path = SwiftUITabbed.app; sourceTree = BUILT_PRODUCTS_DIR; };
		DC2C36AE24AC5C0D00C3CF24 /* AppDelegate.swift */ = {isa = PBXFileReference; lastKnownFileType = sourcecode.swift; path = AppDelegate.swift; sourceTree = "<group>"; };
		DC2C36B024AC5C0D00C3CF24 /* SceneDelegate.swift */ = {isa = PBXFileReference; lastKnownFileType = sourcecode.swift; path = SceneDelegate.swift; sourceTree = "<group>"; };
		DC2C36B224AC5C0D00C3CF24 /* ContentView.swift */ = {isa = PBXFileReference; lastKnownFileType = sourcecode.swift; path = ContentView.swift; sourceTree = "<group>"; };
		DC2C36B424AC5C0E00C3CF24 /* Assets.xcassets */ = {isa = PBXFileReference; lastKnownFileType = folder.assetcatalog; path = Assets.xcassets; sourceTree = "<group>"; };
		DC2C36B724AC5C0E00C3CF24 /* Preview Assets.xcassets */ = {isa = PBXFileReference; lastKnownFileType = folder.assetcatalog; path = "Preview Assets.xcassets"; sourceTree = "<group>"; };
		DC2C36BA24AC5C0E00C3CF24 /* Base */ = {isa = PBXFileReference; lastKnownFileType = file.storyboard; name = Base; path = Base.lproj/LaunchScreen.storyboard; sourceTree = "<group>"; };
		DC2C36BC24AC5C0E00C3CF24 /* Info.plist */ = {isa = PBXFileReference; lastKnownFileType = text.plist.xml; path = Info.plist; sourceTree = "<group>"; };
		DC2C36C324AC60AA00C3CF24 /* WebView.swift */ = {isa = PBXFileReference; lastKnownFileType = sourcecode.swift; path = WebView.swift; sourceTree = "<group>"; };
		DC2C36C524AC69F400C3CF24 /* GameScene.sks */ = {isa = PBXFileReference; lastKnownFileType = file.sks; path = GameScene.sks; sourceTree = "<group>"; };
		DC2C36C724AC6A2D00C3CF24 /* Actions.sks */ = {isa = PBXFileReference; lastKnownFileType = file.sks; path = Actions.sks; sourceTree = "<group>"; };
		DC2C36C924AC6A5000C3CF24 /* SceneView.swift */ = {isa = PBXFileReference; lastKnownFileType = sourcecode.swift; path = SceneView.swift; sourceTree = "<group>"; };
/* End PBXFileReference section */

/* Begin PBXFrameworksBuildPhase section */
		DC2C36A824AC5C0D00C3CF24 /* Frameworks */ = {
			isa = PBXFrameworksBuildPhase;
			buildActionMask = 2147483647;
			files = (
			);
			runOnlyForDeploymentPostprocessing = 0;
		};
/* End PBXFrameworksBuildPhase section */

/* Begin PBXGroup section */
		DC2C36A224AC5C0D00C3CF24 = {
			isa = PBXGroup;
			children = (
				DC2C36AD24AC5C0D00C3CF24 /* SwiftUITabbed */,
				DC2C36AC24AC5C0D00C3CF24 /* Products */,
			);
			sourceTree = "<group>";
		};
		DC2C36AC24AC5C0D00C3CF24 /* Products */ = {
			isa = PBXGroup;
			children = (
				DC2C36AB24AC5C0D00C3CF24 /* SwiftUITabbed.app */,
			);
			name = Products;
			sourceTree = "<group>";
		};
		DC2C36AD24AC5C0D00C3CF24 /* SwiftUITabbed */ = {
			isa = PBXGroup;
			children = (
				DC2C36C224AC605F00C3CF24 /* Views */,
				DC2C36AE24AC5C0D00C3CF24 /* AppDelegate.swift */,
				DC2C36B024AC5C0D00C3CF24 /* SceneDelegate.swift */,
				DC2C36C524AC69F400C3CF24 /* GameScene.sks */,
				DC2C36C724AC6A2D00C3CF24 /* Actions.sks */,
				DC2C36B424AC5C0E00C3CF24 /* Assets.xcassets */,
				DC2C36B924AC5C0E00C3CF24 /* LaunchScreen.storyboard */,
				DC2C36BC24AC5C0E00C3CF24 /* Info.plist */,
				DC2C36B624AC5C0E00C3CF24 /* Preview Content */,
			);
			path = SwiftUITabbed;
			sourceTree = "<group>";
		};
		DC2C36B624AC5C0E00C3CF24 /* Preview Content */ = {
			isa = PBXGroup;
			children = (
				DC2C36B724AC5C0E00C3CF24 /* Preview Assets.xcassets */,
			);
			path = "Preview Content";
			sourceTree = "<group>";
		};
		DC2C36C224AC605F00C3CF24 /* Views */ = {
			isa = PBXGroup;
			children = (
				DC2C36B224AC5C0D00C3CF24 /* ContentView.swift */,
				DC2C36C324AC60AA00C3CF24 /* WebView.swift */,
				DC2C36C924AC6A5000C3CF24 /* SceneView.swift */,
			);
			path = Views;
			sourceTree = "<group>";
		};
/* End PBXGroup section */

/* Begin PBXNativeTarget section */
		DC2C36AA24AC5C0D00C3CF24 /* SwiftUITabbed */ = {
			isa = PBXNativeTarget;
			buildConfigurationList = DC2C36BF24AC5C0E00C3CF24 /* Build configuration list for PBXNativeTarget "SwiftUITabbed" */;
			buildPhases = (
				DC2C36A724AC5C0D00C3CF24 /* Sources */,
				DC2C36A824AC5C0D00C3CF24 /* Frameworks */,
				DC2C36A924AC5C0D00C3CF24 /* Resources */,
			);
			buildRules = (
			);
			dependencies = (
			);
			name = SwiftUITabbed;
			productName = SwiftUITabbed;
			productReference = DC2C36AB24AC5C0D00C3CF24 /* SwiftUITabbed.app */;
			productType = "com.apple.product-type.application";
		};
/* End PBXNativeTarget section */

/* Begin PBXProject section */
		DC2C36A324AC5C0D00C3CF24 /* Project object */ = {
			isa = PBXProject;
			attributes = {
				LastSwiftUpdateCheck = 1150;
				LastUpgradeCheck = 1150;
				ORGANIZATIONNAME = "Joel Sereno";
				TargetAttributes = {
					DC2C36AA24AC5C0D00C3CF24 = {
						CreatedOnToolsVersion = 11.5;
					};
				};
			};
			buildConfigurationList = DC2C36A624AC5C0D00C3CF24 /* Build configuration list for PBXProject "SwiftUITabbed" */;
			compatibilityVersion = "Xcode 9.3";
			developmentRegion = en;
			hasScannedForEncodings = 0;
			knownRegions = (
				en,
				Base,
			);
			mainGroup = DC2C36A224AC5C0D00C3CF24;
			productRefGroup = DC2C36AC24AC5C0D00C3CF24 /* Products */;
			projectDirPath = "";
			projectRoot = "";
			targets = (
				DC2C36AA24AC5C0D00C3CF24 /* SwiftUITabbed */,
			);
		};
/* End PBXProject section */

/* Begin PBXResourcesBuildPhase section */
		DC2C36A924AC5C0D00C3CF24 /* Resources */ = {
			isa = PBXResourcesBuildPhase;
			buildActionMask = 2147483647;
			files = (
				DC2C36C624AC69F400C3CF24 /* GameScene.sks in Resources */,
				DC2C36BB24AC5C0E00C3CF24 /* LaunchScreen.storyboard in Resources */,
				DC2C36B824AC5C0E00C3CF24 /* Preview Assets.xcassets in Resources */,
				DC2C36B524AC5C0E00C3CF24 /* Assets.xcassets in Resources */,
				DC2C36C824AC6A2D00C3CF24 /* Actions.sks in Resources */,
			);
			runOnlyForDeploymentPostprocessing = 0;
		};
/* End PBXResourcesBuildPhase section */

/* Begin PBXSourcesBuildPhase section */
		DC2C36A724AC5C0D00C3CF24 /* Sources */ = {
			isa = PBXSourcesBuildPhase;
			buildActionMask = 2147483647;
			files = (
				DC2C36AF24AC5C0D00C3CF24 /* AppDelegate.swift in Sources */,
				DC2C36CA24AC6A5000C3CF24 /* SceneView.swift in Sources */,
				DC2C36C424AC60AA00C3CF24 /* WebView.swift in Sources */,
				DC2C36B124AC5C0D00C3CF24 /* SceneDelegate.swift in Sources */,
				DC2C36B324AC5C0D00C3CF24 /* ContentView.swift in Sources */,
			);
			runOnlyForDeploymentPostprocessing = 0;
		};
/* End PBXSourcesBuildPhase section */

/* Begin PBXVariantGroup section */
		DC2C36B924AC5C0E00C3CF24 /* LaunchScreen.storyboard */ = {
			isa = PBXVariantGroup;
			children = (
				DC2C36BA24AC5C0E00C3CF24 /* Base */,
			);
			name = LaunchScreen.storyboard;
			sourceTree = "<group>";
		};
/* End PBXVariantGroup section */

/* Begin XCBuildConfiguration section */
		DC2C36BD24AC5C0E00C3CF24 /* Debug */ = {
			isa = XCBuildConfiguration;
			buildSettings = {
				ALWAYS_SEARCH_USER_PATHS = NO;
				CLANG_ANALYZER_NONNULL = YES;
				CLANG_ANALYZER_NUMBER_OBJECT_CONVERSION = YES_AGGRESSIVE;
				CLANG_CXX_LANGUAGE_STANDARD = "gnu++14";
				CLANG_CXX_LIBRARY = "libc++";
				CLANG_ENABLE_MODULES = YES;
				CLANG_ENABLE_OBJC_ARC = YES;
				CLANG_ENABLE_OBJC_WEAK = YES;
				CLANG_WARN_BLOCK_CAPTURE_AUTORELEASING = YES;
				CLANG_WARN_BOOL_CONVERSION = YES;
				CLANG_WARN_COMMA = YES;
				CLANG_WARN_CONSTANT_CONVERSION = YES;
				CLANG_WARN_DEPRECATED_OBJC_IMPLEMENTATIONS = YES;
				CLANG_WARN_DIRECT_OBJC_ISA_USAGE = YES_ERROR;
				CLANG_WARN_DOCUMENTATION_COMMENTS = YES;
				CLANG_WARN_EMPTY_BODY = YES;
				CLANG_WARN_ENUM_CONVERSION = YES;
				CLANG_WARN_INFINITE_RECURSION = YES;
				CLANG_WARN_INT_CONVERSION = YES;
				CLANG_WARN_NON_LITERAL_NULL_CONVERSION = YES;
				CLANG_WARN_OBJC_IMPLICIT_RETAIN_SELF = YES;
				CLANG_WARN_OBJC_LITERAL_CONVERSION = YES;
				CLANG_WARN_OBJC_ROOT_CLASS = YES_ERROR;
				CLANG_WARN_RANGE_LOOP_ANALYSIS = YES;
				CLANG_WARN_STRICT_PROTOTYPES = YES;
				CLANG_WARN_SUSPICIOUS_MOVE = YES;
				CLANG_WARN_UNGUARDED_AVAILABILITY = YES_AGGRESSIVE;
				CLANG_WARN_UNREACHABLE_CODE = YES;
				CLANG_WARN__DUPLICATE_METHOD_MATCH = YES;
				COPY_PHASE_STRIP = NO;
				DEBUG_INFORMATION_FORMAT = dwarf;
				ENABLE_STRICT_OBJC_MSGSEND = YES;
				ENABLE_TESTABILITY = YES;
				GCC_C_LANGUAGE_STANDARD = gnu11;
				GCC_DYNAMIC_NO_PIC = NO;
				GCC_NO_COMMON_BLOCKS = YES;
				GCC_OPTIMIZATION_LEVEL = 0;
				GCC_PREPROCESSOR_DEFINITIONS = (
					"DEBUG=1",
					"$(inherited)",
				);
				GCC_WARN_64_TO_32_BIT_CONVERSION = YES;
				GCC_WARN_ABOUT_RETURN_TYPE = YES_ERROR;
				GCC_WARN_UNDECLARED_SELECTOR = YES;
				GCC_WARN_UNINITIALIZED_AUTOS = YES_AGGRESSIVE;
				GCC_WARN_UNUSED_FUNCTION = YES;
				GCC_WARN_UNUSED_VARIABLE = YES;
				IPHONEOS_DEPLOYMENT_TARGET = 13.5;
				MTL_ENABLE_DEBUG_INFO = INCLUDE_SOURCE;
				MTL_FAST_MATH = YES;
				ONLY_ACTIVE_ARCH = YES;
				SDKROOT = iphoneos;
				SWIFT_ACTIVE_COMPILATION_CONDITIONS = DEBUG;
				SWIFT_OPTIMIZATION_LEVEL = "-Onone";
			};
			name = Debug;
		};
		DC2C36BE24AC5C0E00C3CF24 /* Release */ = {
			isa = XCBuildConfiguration;
			buildSettings = {
				ALWAYS_SEARCH_USER_PATHS = NO;
				CLANG_ANALYZER_NONNULL = YES;
				CLANG_ANALYZER_NUMBER_OBJECT_CONVERSION = YES_AGGRESSIVE;
				CLANG_CXX_LANGUAGE_STANDARD = "gnu++14";
				CLANG_CXX_LIBRARY = "libc++";
				CLANG_ENABLE_MODULES = YES;
				CLANG_ENABLE_OBJC_ARC = YES;
				CLANG_ENABLE_OBJC_WEAK = YES;
				CLANG_WARN_BLOCK_CAPTURE_AUTORELEASING = YES;
				CLANG_WARN_BOOL_CONVERSION = YES;
				CLANG_WARN_COMMA = YES;
				CLANG_WARN_CONSTANT_CONVERSION = YES;
				CLANG_WARN_DEPRECATED_OBJC_IMPLEMENTATIONS = YES;
				CLANG_WARN_DIRECT_OBJC_ISA_USAGE = YES_ERROR;
				CLANG_WARN_DOCUMENTATION_COMMENTS = YES;
				CLANG_WARN_EMPTY_BODY = YES;
				CLANG_WARN_ENUM_CONVERSION = YES;
				CLANG_WARN_INFINITE_RECURSION = YES;
				CLANG_WARN_INT_CONVERSION = YES;
				CLANG_WARN_NON_LITERAL_NULL_CONVERSION = YES;
				CLANG_WARN_OBJC_IMPLICIT_RETAIN_SELF = YES;
				CLANG_WARN_OBJC_LITERAL_CONVERSION = YES;
				CLANG_WARN_OBJC_ROOT_CLASS = YES_ERROR;
				CLANG_WARN_RANGE_LOOP_ANALYSIS = YES;
				CLANG_WARN_STRICT_PROTOTYPES = YES;
				CLANG_WARN_SUSPICIOUS_MOVE = YES;
				CLANG_WARN_UNGUARDED_AVAILABILITY = YES_AGGRESSIVE;
				CLANG_WARN_UNREACHABLE_CODE = YES;
				CLANG_WARN__DUPLICATE_METHOD_MATCH = YES;
				COPY_PHASE_STRIP = NO;
				DEBUG_INFORMATION_FORMAT = "dwarf-with-dsym";
				ENABLE_NS_ASSERTIONS = NO;
				ENABLE_STRICT_OBJC_MSGSEND = YES;
				GCC_C_LANGUAGE_STANDARD = gnu11;
				GCC_NO_COMMON_BLOCKS = YES;
				GCC_WARN_64_TO_32_BIT_CONVERSION = YES;
				GCC_WARN_ABOUT_RETURN_TYPE = YES_ERROR;
				GCC_WARN_UNDECLARED_SELECTOR = YES;
				GCC_WARN_UNINITIALIZED_AUTOS = YES_AGGRESSIVE;
				GCC_WARN_UNUSED_FUNCTION = YES;
				GCC_WARN_UNUSED_VARIABLE = YES;
				IPHONEOS_DEPLOYMENT_TARGET = 13.5;
				MTL_ENABLE_DEBUG_INFO = NO;
				MTL_FAST_MATH = YES;
				SDKROOT = iphoneos;
				SWIFT_COMPILATION_MODE = wholemodule;
				SWIFT_OPTIMIZATION_LEVEL = "-O";
				VALIDATE_PRODUCT = YES;
			};
			name = Release;
		};
		DC2C36C024AC5C0E00C3CF24 /* Debug */ = {
			isa = XCBuildConfiguration;
			buildSettings = {
				ASSETCATALOG_COMPILER_APPICON_NAME = AppIcon;
				CODE_SIGN_STYLE = Automatic;
				DEVELOPMENT_ASSET_PATHS = "\"SwiftUITabbed/Preview Content\"";
				ENABLE_PREVIEWS = YES;
				INFOPLIST_FILE = SwiftUITabbed/Info.plist;
				LD_RUNPATH_SEARCH_PATHS = (
					"$(inherited)",
					"@executable_path/Frameworks",
				);
				PRODUCT_BUNDLE_IDENTIFIER = JKSIndustries.SwiftUITabbed;
				PRODUCT_NAME = "$(TARGET_NAME)";
				SWIFT_VERSION = 5.0;
				TARGETED_DEVICE_FAMILY = "1,2";
			};
			name = Debug;
		};
		DC2C36C124AC5C0E00C3CF24 /* Release */ = {
			isa = XCBuildConfiguration;
			buildSettings = {
				ASSETCATALOG_COMPILER_APPICON_NAME = AppIcon;
				CODE_SIGN_STYLE = Automatic;
				DEVELOPMENT_ASSET_PATHS = "\"SwiftUITabbed/Preview Content\"";
				ENABLE_PREVIEWS = YES;
				INFOPLIST_FILE = SwiftUITabbed/Info.plist;
				LD_RUNPATH_SEARCH_PATHS = (
					"$(inherited)",
					"@executable_path/Frameworks",
				);
				PRODUCT_BUNDLE_IDENTIFIER = JKSIndustries.SwiftUITabbed;
				PRODUCT_NAME = "$(TARGET_NAME)";
				SWIFT_VERSION = 5.0;
				TARGETED_DEVICE_FAMILY = "1,2";
			};
			name = Release;
		};
/* End XCBuildConfiguration section */

/* Begin XCConfigurationList section */
		DC2C36A624AC5C0D00C3CF24 /* Build configuration list for PBXProject "SwiftUITabbed" */ = {
			isa = XCConfigurationList;
			buildConfigurations = (
				DC2C36BD24AC5C0E00C3CF24 /* Debug */,
				DC2C36BE24AC5C0E00C3CF24 /* Release */,
			);
			defaultConfigurationIsVisible = 0;
			defaultConfigurationName = Release;
		};
		DC2C36BF24AC5C0E00C3CF24 /* Build configuration list for PBXNativeTarget "SwiftUITabbed" */ = {
			isa = XCConfigurationList;
			buildConfigurations = (
				DC2C36C024AC5C0E00C3CF24 /* Debug */,
				DC2C36C124AC5C0E00C3CF24 /* Release */,
			);
			defaultConfigurationIsVisible = 0;
			defaultConfigurationName = Release;
		};
/* End XCConfigurationList section */
	};
	rootObject = DC2C36A324AC5C0D00C3CF24 /* Project object */;
}
