// !$*UTF8*$!
{
	archiveVersion = 1;
	classes = {
	};
	objectVersion = 50;
	objects = {

/* Begin PBXBuildFile section */
		DCC6C4A824F3324B00F25E3F /* AppDelegate.swift in Sources */ = {isa = PBXBuildFile; fileRef = DCC6C4A724F3324B00F25E3F /* AppDelegate.swift */; };
		DCC6C4AA24F3324B00F25E3F /* SceneDelegate.swift in Sources */ = {isa = PBXBuildFile; fileRef = DCC6C4A924F3324B00F25E3F /* SceneDelegate.swift */; };
		DCC6C4AC24F3324B00F25E3F /* ContentView.swift in Sources */ = {isa = PBXBuildFile; fileRef = DCC6C4AB24F3324B00F25E3F /* ContentView.swift */; };
		DCC6C4AE24F3324D00F25E3F /* Assets.xcassets in Resources */ = {isa = PBXBuildFile; fileRef = DCC6C4AD24F3324D00F25E3F /* Assets.xcassets */; };
		DCC6C4B124F3324D00F25E3F /* Preview Assets.xcassets in Resources */ = {isa = PBXBuildFile; fileRef = DCC6C4B024F3324D00F25E3F /* Preview Assets.xcassets */; };
		DCC6C4B424F3324D00F25E3F /* LaunchScreen.storyboard in Resources */ = {isa = PBXBuildFile; fileRef = DCC6C4B224F3324D00F25E3F /* LaunchScreen.storyboard */; };
/* End PBXBuildFile section */

/* Begin PBXFileReference section */
		DCC6C4A424F3324B00F25E3F /* SwiftUI_imageFromURL.app */ = {isa = PBXFileReference; explicitFileType = wrapper.application; includeInIndex = 0; path = SwiftUI_imageFromURL.app; sourceTree = BUILT_PRODUCTS_DIR; };
		DCC6C4A724F3324B00F25E3F /* AppDelegate.swift */ = {isa = PBXFileReference; lastKnownFileType = sourcecode.swift; path = AppDelegate.swift; sourceTree = "<group>"; };
		DCC6C4A924F3324B00F25E3F /* SceneDelegate.swift */ = {isa = PBXFileReference; lastKnownFileType = sourcecode.swift; path = SceneDelegate.swift; sourceTree = "<group>"; };
		DCC6C4AB24F3324B00F25E3F /* ContentView.swift */ = {isa = PBXFileReference; lastKnownFileType = sourcecode.swift; path = ContentView.swift; sourceTree = "<group>"; };
		DCC6C4AD24F3324D00F25E3F /* Assets.xcassets */ = {isa = PBXFileReference; lastKnownFileType = folder.assetcatalog; path = Assets.xcassets; sourceTree = "<group>"; };
		DCC6C4B024F3324D00F25E3F /* Preview Assets.xcassets */ = {isa = PBXFileReference; lastKnownFileType = folder.assetcatalog; path = "Preview Assets.xcassets"; sourceTree = "<group>"; };
		DCC6C4B324F3324D00F25E3F /* Base */ = {isa = PBXFileReference; lastKnownFileType = file.storyboard; name = Base; path = Base.lproj/LaunchScreen.storyboard; sourceTree = "<group>"; };
		DCC6C4B524F3324D00F25E3F /* Info.plist */ = {isa = PBXFileReference; lastKnownFileType = text.plist.xml; path = Info.plist; sourceTree = "<group>"; };
/* End PBXFileReference section */

/* Begin PBXFrameworksBuildPhase section */
		DCC6C4A124F3324B00F25E3F /* Frameworks */ = {
			isa = PBXFrameworksBuildPhase;
			buildActionMask = 2147483647;
			files = (
			);
			runOnlyForDeploymentPostprocessing = 0;
		};
/* End PBXFrameworksBuildPhase section */

/* Begin PBXGroup section */
		DCC6C49B24F3324B00F25E3F = {
			isa = PBXGroup;
			children = (
				DCC6C4A624F3324B00F25E3F /* SwiftUI_imageFromURL */,
				DCC6C4A524F3324B00F25E3F /* Products */,
			);
			sourceTree = "<group>";
		};
		DCC6C4A524F3324B00F25E3F /* Products */ = {
			isa = PBXGroup;
			children = (
				DCC6C4A424F3324B00F25E3F /* SwiftUI_imageFromURL.app */,
			);
			name = Products;
			sourceTree = "<group>";
		};
		DCC6C4A624F3324B00F25E3F /* SwiftUI_imageFromURL */ = {
			isa = PBXGroup;
			children = (
				DCC6C4A724F3324B00F25E3F /* AppDelegate.swift */,
				DCC6C4A924F3324B00F25E3F /* SceneDelegate.swift */,
				DCC6C4AB24F3324B00F25E3F /* ContentView.swift */,
				DCC6C4AD24F3324D00F25E3F /* Assets.xcassets */,
				DCC6C4B224F3324D00F25E3F /* LaunchScreen.storyboard */,
				DCC6C4B524F3324D00F25E3F /* Info.plist */,
				DCC6C4AF24F3324D00F25E3F /* Preview Content */,
			);
			path = SwiftUI_imageFromURL;
			sourceTree = "<group>";
		};
		DCC6C4AF24F3324D00F25E3F /* Preview Content */ = {
			isa = PBXGroup;
			children = (
				DCC6C4B024F3324D00F25E3F /* Preview Assets.xcassets */,
			);
			path = "Preview Content";
			sourceTree = "<group>";
		};
/* End PBXGroup section */

/* Begin PBXNativeTarget section */
		DCC6C4A324F3324B00F25E3F /* SwiftUI_imageFromURL */ = {
			isa = PBXNativeTarget;
			buildConfigurationList = DCC6C4B824F3324D00F25E3F /* Build configuration list for PBXNativeTarget "SwiftUI_imageFromURL" */;
			buildPhases = (
				DCC6C4A024F3324B00F25E3F /* Sources */,
				DCC6C4A124F3324B00F25E3F /* Frameworks */,
				DCC6C4A224F3324B00F25E3F /* Resources */,
			);
			buildRules = (
			);
			dependencies = (
			);
			name = SwiftUI_imageFromURL;
			productName = SwiftUI_imageFromURL;
			productReference = DCC6C4A424F3324B00F25E3F /* SwiftUI_imageFromURL.app */;
			productType = "com.apple.product-type.application";
		};
/* End PBXNativeTarget section */

/* Begin PBXProject section */
		DCC6C49C24F3324B00F25E3F /* Project object */ = {
			isa = PBXProject;
			attributes = {
				LastSwiftUpdateCheck = 1160;
				LastUpgradeCheck = 1160;
				ORGANIZATIONNAME = "Joel Sereno";
				TargetAttributes = {
					DCC6C4A324F3324B00F25E3F = {
						CreatedOnToolsVersion = 11.6;
					};
				};
			};
			buildConfigurationList = DCC6C49F24F3324B00F25E3F /* Build configuration list for PBXProject "SwiftUI_imageFromURL" */;
			compatibilityVersion = "Xcode 9.3";
			developmentRegion = en;
			hasScannedForEncodings = 0;
			knownRegions = (
				en,
				Base,
			);
			mainGroup = DCC6C49B24F3324B00F25E3F;
			productRefGroup = DCC6C4A524F3324B00F25E3F /* Products */;
			projectDirPath = "";
			projectRoot = "";
			targets = (
				DCC6C4A324F3324B00F25E3F /* SwiftUI_imageFromURL */,
			);
		};
/* End PBXProject section */

/* Begin PBXResourcesBuildPhase section */
		DCC6C4A224F3324B00F25E3F /* Resources */ = {
			isa = PBXResourcesBuildPhase;
			buildActionMask = 2147483647;
			files = (
				DCC6C4B424F3324D00F25E3F /* LaunchScreen.storyboard in Resources */,
				DCC6C4B124F3324D00F25E3F /* Preview Assets.xcassets in Resources */,
				DCC6C4AE24F3324D00F25E3F /* Assets.xcassets in Resources */,
			);
			runOnlyForDeploymentPostprocessing = 0;
		};
/* End PBXResourcesBuildPhase section */

/* Begin PBXSourcesBuildPhase section */
		DCC6C4A024F3324B00F25E3F /* Sources */ = {
			isa = PBXSourcesBuildPhase;
			buildActionMask = 2147483647;
			files = (
				DCC6C4A824F3324B00F25E3F /* AppDelegate.swift in Sources */,
				DCC6C4AA24F3324B00F25E3F /* SceneDelegate.swift in Sources */,
				DCC6C4AC24F3324B00F25E3F /* ContentView.swift in Sources */,
			);
			runOnlyForDeploymentPostprocessing = 0;
		};
/* End PBXSourcesBuildPhase section */

/* Begin PBXVariantGroup section */
		DCC6C4B224F3324D00F25E3F /* LaunchScreen.storyboard */ = {
			isa = PBXVariantGroup;
			children = (
				DCC6C4B324F3324D00F25E3F /* Base */,
			);
			name = LaunchScreen.storyboard;
			sourceTree = "<group>";
		};
/* End PBXVariantGroup section */

/* Begin XCBuildConfiguration section */
		DCC6C4B624F3324D00F25E3F /* Debug */ = {
			isa = XCBuildConfiguration;
			buildSettings = {
				ALWAYS_SEARCH_USER_PATHS = NO;
				CLANG_ANALYZER_NONNULL = YES;
				CLANG_ANALYZER_NUMBER_OBJECT_CONVERSION = YES_AGGRESSIVE;
				CLANG_CXX_LANGUAGE_STANDARD = "gnu++14";
				CLANG_CXX_LIBRARY = "libc++";
				CLANG_ENABLE_MODULES = YES;
				CLANG_ENABLE_OBJC_ARC = YES;
				CLANG_ENABLE_OBJC_WEAK = YES;
				CLANG_WARN_BLOCK_CAPTURE_AUTORELEASING = YES;
				CLANG_WARN_BOOL_CONVERSION = YES;
				CLANG_WARN_COMMA = YES;
				CLANG_WARN_CONSTANT_CONVERSION = YES;
				CLANG_WARN_DEPRECATED_OBJC_IMPLEMENTATIONS = YES;
				CLANG_WARN_DIRECT_OBJC_ISA_USAGE = YES_ERROR;
				CLANG_WARN_DOCUMENTATION_COMMENTS = YES;
				CLANG_WARN_EMPTY_BODY = YES;
				CLANG_WARN_ENUM_CONVERSION = YES;
				CLANG_WARN_INFINITE_RECURSION = YES;
				CLANG_WARN_INT_CONVERSION = YES;
				CLANG_WARN_NON_LITERAL_NULL_CONVERSION = YES;
				CLANG_WARN_OBJC_IMPLICIT_RETAIN_SELF = YES;
				CLANG_WARN_OBJC_LITERAL_CONVERSION = YES;
				CLANG_WARN_OBJC_ROOT_CLASS = YES_ERROR;
				CLANG_WARN_RANGE_LOOP_ANALYSIS = YES;
				CLANG_WARN_STRICT_PROTOTYPES = YES;
				CLANG_WARN_SUSPICIOUS_MOVE = YES;
				CLANG_WARN_UNGUARDED_AVAILABILITY = YES_AGGRESSIVE;
				CLANG_WARN_UNREACHABLE_CODE = YES;
				CLANG_WARN__DUPLICATE_METHOD_MATCH = YES;
				COPY_PHASE_STRIP = NO;
				DEBUG_INFORMATION_FORMAT = dwarf;
				ENABLE_STRICT_OBJC_MSGSEND = YES;
				ENABLE_TESTABILITY = YES;
				GCC_C_LANGUAGE_STANDARD = gnu11;
				GCC_DYNAMIC_NO_PIC = NO;
				GCC_NO_COMMON_BLOCKS = YES;
				GCC_OPTIMIZATION_LEVEL = 0;
				GCC_PREPROCESSOR_DEFINITIONS = (
					"DEBUG=1",
					"$(inherited)",
				);
				GCC_WARN_64_TO_32_BIT_CONVERSION = YES;
				GCC_WARN_ABOUT_RETURN_TYPE = YES_ERROR;
				GCC_WARN_UNDECLARED_SELECTOR = YES;
				GCC_WARN_UNINITIALIZED_AUTOS = YES_AGGRESSIVE;
				GCC_WARN_UNUSED_FUNCTION = YES;
				GCC_WARN_UNUSED_VARIABLE = YES;
				IPHONEOS_DEPLOYMENT_TARGET = 13.6;
				MTL_ENABLE_DEBUG_INFO = INCLUDE_SOURCE;
				MTL_FAST_MATH = YES;
				ONLY_ACTIVE_ARCH = YES;
				SDKROOT = iphoneos;
				SWIFT_ACTIVE_COMPILATION_CONDITIONS = DEBUG;
				SWIFT_OPTIMIZATION_LEVEL = "-Onone";
			};
			name = Debug;
		};
		DCC6C4B724F3324D00F25E3F /* Release */ = {
			isa = XCBuildConfiguration;
			buildSettings = {
				ALWAYS_SEARCH_USER_PATHS = NO;
				CLANG_ANALYZER_NONNULL = YES;
				CLANG_ANALYZER_NUMBER_OBJECT_CONVERSION = YES_AGGRESSIVE;
				CLANG_CXX_LANGUAGE_STANDARD = "gnu++14";
				CLANG_CXX_LIBRARY = "libc++";
				CLANG_ENABLE_MODULES = YES;
				CLANG_ENABLE_OBJC_ARC = YES;
				CLANG_ENABLE_OBJC_WEAK = YES;
				CLANG_WARN_BLOCK_CAPTURE_AUTORELEASING = YES;
				CLANG_WARN_BOOL_CONVERSION = YES;
				CLANG_WARN_COMMA = YES;
				CLANG_WARN_CONSTANT_CONVERSION = YES;
				CLANG_WARN_DEPRECATED_OBJC_IMPLEMENTATIONS = YES;
				CLANG_WARN_DIRECT_OBJC_ISA_USAGE = YES_ERROR;
				CLANG_WARN_DOCUMENTATION_COMMENTS = YES;
				CLANG_WARN_EMPTY_BODY = YES;
				CLANG_WARN_ENUM_CONVERSION = YES;
				CLANG_WARN_INFINITE_RECURSION = YES;
				CLANG_WARN_INT_CONVERSION = YES;
				CLANG_WARN_NON_LITERAL_NULL_CONVERSION = YES;
				CLANG_WARN_OBJC_IMPLICIT_RETAIN_SELF = YES;
				CLANG_WARN_OBJC_LITERAL_CONVERSION = YES;
				CLANG_WARN_OBJC_ROOT_CLASS = YES_ERROR;
				CLANG_WARN_RANGE_LOOP_ANALYSIS = YES;
				CLANG_WARN_STRICT_PROTOTYPES = YES;
				CLANG_WARN_SUSPICIOUS_MOVE = YES;
				CLANG_WARN_UNGUARDED_AVAILABILITY = YES_AGGRESSIVE;
				CLANG_WARN_UNREACHABLE_CODE = YES;
				CLANG_WARN__DUPLICATE_METHOD_MATCH = YES;
				COPY_PHASE_STRIP = NO;
				DEBUG_INFORMATION_FORMAT = "dwarf-with-dsym";
				ENABLE_NS_ASSERTIONS = NO;
				ENABLE_STRICT_OBJC_MSGSEND = YES;
				GCC_C_LANGUAGE_STANDARD = gnu11;
				GCC_NO_COMMON_BLOCKS = YES;
				GCC_WARN_64_TO_32_BIT_CONVERSION = YES;
				GCC_WARN_ABOUT_RETURN_TYPE = YES_ERROR;
				GCC_WARN_UNDECLARED_SELECTOR = YES;
				GCC_WARN_UNINITIALIZED_AUTOS = YES_AGGRESSIVE;
				GCC_WARN_UNUSED_FUNCTION = YES;
				GCC_WARN_UNUSED_VARIABLE = YES;
				IPHONEOS_DEPLOYMENT_TARGET = 13.6;
				MTL_ENABLE_DEBUG_INFO = NO;
				MTL_FAST_MATH = YES;
				SDKROOT = iphoneos;
				SWIFT_COMPILATION_MODE = wholemodule;
				SWIFT_OPTIMIZATION_LEVEL = "-O";
				VALIDATE_PRODUCT = YES;
			};
			name = Release;
		};
		DCC6C4B924F3324D00F25E3F /* Debug */ = {
			isa = XCBuildConfiguration;
			buildSettings = {
				ASSETCATALOG_COMPILER_APPICON_NAME = AppIcon;
				CODE_SIGN_STYLE = Automatic;
				DEVELOPMENT_ASSET_PATHS = "\"SwiftUI_imageFromURL/Preview Content\"";
				ENABLE_PREVIEWS = YES;
				INFOPLIST_FILE = SwiftUI_imageFromURL/Info.plist;
				LD_RUNPATH_SEARCH_PATHS = (
					"$(inherited)",
					"@executable_path/Frameworks",
				);
				PRODUCT_BUNDLE_IDENTIFIER = "JKSIndustries.SwiftUI-imageFromURL";
				PRODUCT_NAME = "$(TARGET_NAME)";
				SWIFT_VERSION = 5.0;
				TARGETED_DEVICE_FAMILY = "1,2";
			};
			name = Debug;
		};
		DCC6C4BA24F3324D00F25E3F /* Release */ = {
			isa = XCBuildConfiguration;
			buildSettings = {
				ASSETCATALOG_COMPILER_APPICON_NAME = AppIcon;
				CODE_SIGN_STYLE = Automatic;
				DEVELOPMENT_ASSET_PATHS = "\"SwiftUI_imageFromURL/Preview Content\"";
				ENABLE_PREVIEWS = YES;
				INFOPLIST_FILE = SwiftUI_imageFromURL/Info.plist;
				LD_RUNPATH_SEARCH_PATHS = (
					"$(inherited)",
					"@executable_path/Frameworks",
				);
				PRODUCT_BUNDLE_IDENTIFIER = "JKSIndustries.SwiftUI-imageFromURL";
				PRODUCT_NAME = "$(TARGET_NAME)";
				SWIFT_VERSION = 5.0;
				TARGETED_DEVICE_FAMILY = "1,2";
			};
			name = Release;
		};
/* End XCBuildConfiguration section */

/* Begin XCConfigurationList section */
		DCC6C49F24F3324B00F25E3F /* Build configuration list for PBXProject "SwiftUI_imageFromURL" */ = {
			isa = XCConfigurationList;
			buildConfigurations = (
				DCC6C4B624F3324D00F25E3F /* Debug */,
				DCC6C4B724F3324D00F25E3F /* Release */,
			);
			defaultConfigurationIsVisible = 0;
			defaultConfigurationName = Release;
		};
		DCC6C4B824F3324D00F25E3F /* Build configuration list for PBXNativeTarget "SwiftUI_imageFromURL" */ = {
			isa = XCConfigurationList;
			buildConfigurations = (
				DCC6C4B924F3324D00F25E3F /* Debug */,
				DCC6C4BA24F3324D00F25E3F /* Release */,
			);
			defaultConfigurationIsVisible = 0;
			defaultConfigurationName = Release;
		};
/* End XCConfigurationList section */
	};
	rootObject = DCC6C49C24F3324B00F25E3F /* Project object */;
}
